uuid: 31281265-26d5-4e46-9592-2467e0e11e85
langcode: en
status: true
dependencies:
  module:
    - menu_ui
third_party_settings:
  menu_ui:
    available_menus:
      - main
    parent: 'main:'
name: Block
type: block
description: ''
help: ''
new_revision: true
preview_mode: 1
display_submitted: true
